
Microsoft Visual Studio Solution File, Format Version 12.00
# Visual Studio Version 17
VisualStudioVersion = 17.3.32929.385
MinimumVisualStudioVersion = 10.0.40219.1
Project("{8BC9CEB8-8B4A-11D0-8D11-00A0C91BC942}") = "NowCoder_分解因数", "NowCoder_分解因数.vcxproj", "{32300263-023D-4E51-810D-46F72BC703B6}"
EndProject
Global
	GlobalSection(SolutionConfigurationPlatforms) = preSolution
		Debug|x64 = Debug|x64
		Debug|x86 = Debug|x86
		Release|x64 = Release|x64
		Release|x86 = Release|x86
	EndGlobalSection
	GlobalSection(ProjectConfigurationPlatforms) = postSolution
		{32300263-023D-4E51-810D-46F72BC703B6}.Debug|x64.ActiveCfg = Debug|x64
		{32300263-023D-4E51-810D-46F72BC703B6}.Debug|x64.Build.0 = Debug|x64
		{32300263-023D-4E51-810D-46F72BC703B6}.Debug|x86.ActiveCfg = Debug|Win32
		{32300263-023D-4E51-810D-46F72BC703B6}.Debug|x86.Build.0 = Debug|Win32
		{32300263-023D-4E51-810D-46F72BC703B6}.Release|x64.ActiveCfg = Release|x64
		{32300263-023D-4E51-810D-46F72BC703B6}.Release|x64.Build.0 = Release|x64
		{32300263-023D-4E51-810D-46F72BC703B6}.Release|x86.ActiveCfg = Release|Win32
		{32300263-023D-4E51-810D-46F72BC703B6}.Release|x86.Build.0 = Release|Win32
	EndGlobalSection
	GlobalSection(SolutionProperties) = preSolution
		HideSolutionNode = FALSE
	EndGlobalSection
	GlobalSection(ExtensibilityGlobals) = postSolution
		SolutionGuid = {5ADABC26-8EBF-4B5A-87A3-D099EB820F1B}
	EndGlobalSection
EndGlobal
